
Microsoft Visual Studio Solution File, Format Version 12.00
# Visual Studio Version 17
VisualStudioVersion = 17.2.32630.192
MinimumVisualStudioVersion = 10.0.40219.1
Project("{FAE04EC0-301F-11D3-BF4B-00C04F79EFBC}") = "Semana01", "Semana01\Semana01.csproj", "{68D78EB2-23B9-4850-B629-095AEF4B5E16}"
EndProject
Global
	GlobalSection(SolutionConfigurationPlatforms) = preSolution
		Debug|Any CPU = Debug|Any CPU
		Release|Any CPU = Release|Any CPU
	EndGlobalSection
	GlobalSection(ProjectConfigurationPlatforms) = postSolution
		{68D78EB2-23B9-4850-B629-095AEF4B5E16}.Debug|Any CPU.ActiveCfg = Debug|Any CPU
		{68D78EB2-23B9-4850-B629-095AEF4B5E16}.Debug|Any CPU.Build.0 = Debug|Any CPU
		{68D78EB2-23B9-4850-B629-095AEF4B5E16}.Release|Any CPU.ActiveCfg = Release|Any CPU
		{68D78EB2-23B9-4850-B629-095AEF4B5E16}.Release|Any CPU.Build.0 = Release|Any CPU
	EndGlobalSection
	GlobalSection(SolutionProperties) = preSolution
		HideSolutionNode = FALSE
	EndGlobalSection
	GlobalSection(ExtensibilityGlobals) = postSolution
		SolutionGuid = {D215747B-5AF0-4777-BF46-2F56307A20D7}
	EndGlobalSection
EndGlobal
